
Microsoft Visual Studio Solution File, Format Version 12.00
# Visual Studio 15
VisualStudioVersion = 15.0.27703.2042
MinimumVisualStudioVersion = 10.0.40219.1
Project("{FAE04EC0-301F-11D3-BF4B-00C04F79EFBC}") = "API_Swagger_UI", "API_Swagger_UI\API_Swagger_UI.csproj", "{D0B09218-B52D-4F2A-84A2-ED4B0DEEC77A}"
EndProject
Global
	GlobalSection(SolutionConfigurationPlatforms) = preSolution
		Debug|Any CPU = Debug|Any CPU
		Release|Any CPU = Release|Any CPU
	EndGlobalSection
	GlobalSection(ProjectConfigurationPlatforms) = postSolution
		{D0B09218-B52D-4F2A-84A2-ED4B0DEEC77A}.Debug|Any CPU.ActiveCfg = Debug|Any CPU
		{D0B09218-B52D-4F2A-84A2-ED4B0DEEC77A}.Debug|Any CPU.Build.0 = Debug|Any CPU
		{D0B09218-B52D-4F2A-84A2-ED4B0DEEC77A}.Release|Any CPU.ActiveCfg = Release|Any CPU
		{D0B09218-B52D-4F2A-84A2-ED4B0DEEC77A}.Release|Any CPU.Build.0 = Release|Any CPU
	EndGlobalSection
	GlobalSection(SolutionProperties) = preSolution
		HideSolutionNode = FALSE
	EndGlobalSection
	GlobalSection(ExtensibilityGlobals) = postSolution
		SolutionGuid = {D1A641F8-B126-4947-9459-A272F1698586}
	EndGlobalSection
EndGlobal
